
Microsoft Visual Studio Solution File, Format Version 12.00
# Visual Studio Version 17
VisualStudioVersion = 17.2.32602.215
MinimumVisualStudioVersion = 10.0.40219.1
Project("{9A19103F-16F7-4668-BE54-9A1E7A4F7556}") = "jenkins-example", "jenkins-example.csproj", "{CBF07664-9129-4E9D-857F-B359B4D03581}"
EndProject
Global
	GlobalSection(SolutionConfigurationPlatforms) = preSolution
		Debug|Any CPU = Debug|Any CPU
		Release|Any CPU = Release|Any CPU
	EndGlobalSection
	GlobalSection(ProjectConfigurationPlatforms) = postSolution
		{CBF07664-9129-4E9D-857F-B359B4D03581}.Debug|Any CPU.ActiveCfg = Debug|Any CPU
		{CBF07664-9129-4E9D-857F-B359B4D03581}.Debug|Any CPU.Build.0 = Debug|Any CPU
		{CBF07664-9129-4E9D-857F-B359B4D03581}.Release|Any CPU.ActiveCfg = Release|Any CPU
		{CBF07664-9129-4E9D-857F-B359B4D03581}.Release|Any CPU.Build.0 = Release|Any CPU
	EndGlobalSection
	GlobalSection(SolutionProperties) = preSolution
		HideSolutionNode = FALSE
	EndGlobalSection
	GlobalSection(ExtensibilityGlobals) = postSolution
		SolutionGuid = {5F8319B0-BF8C-47EE-9B44-1BBA05856432}
	EndGlobalSection
EndGlobal
